
Microsoft Visual Studio Solution File, Format Version 12.00
# Visual Studio Version 17
VisualStudioVersion = 17.7.34031.279
MinimumVisualStudioVersion = 10.0.40219.1
Project("{FAE04EC0-301F-11D3-BF4B-00C04F79EFBC}") = "BeeSolverAssignment.Api", "BeeSolverAssignment.Api\BeeSolverAssignment.Api.csproj", "{7F4EDB52-DBA3-4785-B71A-71CD0D6A96DC}"
EndProject
Project("{FAE04EC0-301F-11D3-BF4B-00C04F79EFBC}") = "BeeSolverAssignment.Business", "BeeSolverAssignment.Business\BeeSolverAssignment.Business.csproj", "{3C616E9C-E623-436A-853D-13DECD7ACA83}"
EndProject
Global
	GlobalSection(SolutionConfigurationPlatforms) = preSolution
		Debug|Any CPU = Debug|Any CPU
		Release|Any CPU = Release|Any CPU
	EndGlobalSection
	GlobalSection(ProjectConfigurationPlatforms) = postSolution
		{7F4EDB52-DBA3-4785-B71A-71CD0D6A96DC}.Debug|Any CPU.ActiveCfg = Debug|Any CPU
		{7F4EDB52-DBA3-4785-B71A-71CD0D6A96DC}.Debug|Any CPU.Build.0 = Debug|Any CPU
		{7F4EDB52-DBA3-4785-B71A-71CD0D6A96DC}.Release|Any CPU.ActiveCfg = Release|Any CPU
		{7F4EDB52-DBA3-4785-B71A-71CD0D6A96DC}.Release|Any CPU.Build.0 = Release|Any CPU
		{3C616E9C-E623-436A-853D-13DECD7ACA83}.Debug|Any CPU.ActiveCfg = Debug|Any CPU
		{3C616E9C-E623-436A-853D-13DECD7ACA83}.Debug|Any CPU.Build.0 = Debug|Any CPU
		{3C616E9C-E623-436A-853D-13DECD7ACA83}.Release|Any CPU.ActiveCfg = Release|Any CPU
		{3C616E9C-E623-436A-853D-13DECD7ACA83}.Release|Any CPU.Build.0 = Release|Any CPU
	EndGlobalSection
	GlobalSection(SolutionProperties) = preSolution
		HideSolutionNode = FALSE
	EndGlobalSection
	GlobalSection(ExtensibilityGlobals) = postSolution
		SolutionGuid = {98EB6888-0398-40BE-919B-A986417A7D14}
	EndGlobalSection
EndGlobal
